// !$*UTF8*$!
{
	archiveVersion = 1;
	classes = {
	};
	objectVersion = 46;
	objects = {

/* Begin PBXBuildFile section */
		A599D1B51E67787700722E9D /* AppDelegate.swift in Sources */ = {isa = PBXBuildFile; fileRef = A599D1B41E67787700722E9D /* AppDelegate.swift */; };
		A599D1B71E67787700722E9D /* ViewController.swift in Sources */ = {isa = PBXBuildFile; fileRef = A599D1B61E67787700722E9D /* ViewController.swift */; };
		A599D1BA1E67787700722E9D /* Main.storyboard in Resources */ = {isa = PBXBuildFile; fileRef = A599D1B81E67787700722E9D /* Main.storyboard */; };
		A599D1BC1E67787700722E9D /* Assets.xcassets in Resources */ = {isa = PBXBuildFile; fileRef = A599D1BB1E67787700722E9D /* Assets.xcassets */; };
		A599D1BF1E67787700722E9D /* LaunchScreen.storyboard in Resources */ = {isa = PBXBuildFile; fileRef = A599D1BD1E67787700722E9D /* LaunchScreen.storyboard */; };
		A599D1CA1E67787700722E9D /* TippyTests.swift in Sources */ = {isa = PBXBuildFile; fileRef = A599D1C91E67787700722E9D /* TippyTests.swift */; };
		A599D1D51E67787700722E9D /* TippyUITests.swift in Sources */ = {isa = PBXBuildFile; fileRef = A599D1D41E67787700722E9D /* TippyUITests.swift */; };
/* End PBXBuildFile section */

/* Begin PBXContainerItemProxy section */
		A599D1C61E67787700722E9D /* PBXContainerItemProxy */ = {
			isa = PBXContainerItemProxy;
			containerPortal = A599D1A91E67787700722E9D /* Project object */;
			proxyType = 1;
			remoteGlobalIDString = A599D1B01E67787700722E9D;
			remoteInfo = Tippy;
		};
		A599D1D11E67787700722E9D /* PBXContainerItemProxy */ = {
			isa = PBXContainerItemProxy;
			containerPortal = A599D1A91E67787700722E9D /* Project object */;
			proxyType = 1;
			remoteGlobalIDString = A599D1B01E67787700722E9D;
			remoteInfo = Tippy;
		};
/* End PBXContainerItemProxy section */

/* Begin PBXFileReference section */
		A599D1B11E67787700722E9D /* Tippy.app */ = {isa = PBXFileReference; explicitFileType = wrapper.application; includeInIndex = 0; path = Tippy.app; sourceTree = BUILT_PRODUCTS_DIR; };
		A599D1B41E67787700722E9D /* AppDelegate.swift */ = {isa = PBXFileReference; lastKnownFileType = sourcecode.swift; path = AppDelegate.swift; sourceTree = "<group>"; };
		A599D1B61E67787700722E9D /* ViewController.swift */ = {isa = PBXFileReference; lastKnownFileType = sourcecode.swift; path = ViewController.swift; sourceTree = "<group>"; };
		A599D1B91E67787700722E9D /* Base */ = {isa = PBXFileReference; lastKnownFileType = file.storyboard; name = Base; path = Base.lproj/Main.storyboard; sourceTree = "<group>"; };
		A599D1BB1E67787700722E9D /* Assets.xcassets */ = {isa = PBXFileReference; lastKnownFileType = folder.assetcatalog; path = Assets.xcassets; sourceTree = "<group>"; };
		A599D1BE1E67787700722E9D /* Base */ = {isa = PBXFileReference; lastKnownFileType = file.storyboard; name = Base; path = Base.lproj/LaunchScreen.storyboard; sourceTree = "<group>"; };
		A599D1C01E67787700722E9D /* Info.plist */ = {isa = PBXFileReference; lastKnownFileType = text.plist.xml; path = Info.plist; sourceTree = "<group>"; };
		A599D1C51E67787700722E9D /* TippyTests.xctest */ = {isa = PBXFileReference; explicitFileType = wrapper.cfbundle; includeInIndex = 0; path = TippyTests.xctest; sourceTree = BUILT_PRODUCTS_DIR; };
		A599D1C91E67787700722E9D /* TippyTests.swift */ = {isa = PBXFileReference; lastKnownFileType = sourcecode.swift; path = TippyTests.swift; sourceTree = "<group>"; };
		A599D1CB1E67787700722E9D /* Info.plist */ = {isa = PBXFileReference; lastKnownFileType = text.plist.xml; path = Info.plist; sourceTree = "<group>"; };
		A599D1D01E67787700722E9D /* TippyUITests.xctest */ = {isa = PBXFileReference; explicitFileType = wrapper.cfbundle; includeInIndex = 0; path = TippyUITests.xctest; sourceTree = BUILT_PRODUCTS_DIR; };
		A599D1D41E67787700722E9D /* TippyUITests.swift */ = {isa = PBXFileReference; lastKnownFileType = sourcecode.swift; path = TippyUITests.swift; sourceTree = "<group>"; };
		A599D1D61E67787700722E9D /* Info.plist */ = {isa = PBXFileReference; lastKnownFileType = text.plist.xml; path = Info.plist; sourceTree = "<group>"; };
/* End PBXFileReference section */

/* Begin PBXFrameworksBuildPhase section */
		A599D1AE1E67787700722E9D /* Frameworks */ = {
			isa = PBXFrameworksBuildPhase;
			buildActionMask = 2147483647;
			files = (
			);
			runOnlyForDeploymentPostprocessing = 0;
		};
		A599D1C21E67787700722E9D /* Frameworks */ = {
			isa = PBXFrameworksBuildPhase;
			buildActionMask = 2147483647;
			files = (
			);
			runOnlyForDeploymentPostprocessing = 0;
		};
		A599D1CD1E67787700722E9D /* Frameworks */ = {
			isa = PBXFrameworksBuildPhase;
			buildActionMask = 2147483647;
			files = (
			);
			runOnlyForDeploymentPostprocessing = 0;
		};
/* End PBXFrameworksBuildPhase section */

/* Begin PBXGroup section */
		A599D1A81E67787700722E9D = {
			isa = PBXGroup;
			children = (
				A599D1B31E67787700722E9D /* Tippy */,
				A599D1C81E67787700722E9D /* TippyTests */,
				A599D1D31E67787700722E9D /* TippyUITests */,
				A599D1B21E67787700722E9D /* Products */,
			);
			sourceTree = "<group>";
		};
		A599D1B21E67787700722E9D /* Products */ = {
			isa = PBXGroup;
			children = (
				A599D1B11E67787700722E9D /* Tippy.app */,
				A599D1C51E67787700722E9D /* TippyTests.xctest */,
				A599D1D01E67787700722E9D /* TippyUITests.xctest */,
			);
			name = Products;
			sourceTree = "<group>";
		};
		A599D1B31E67787700722E9D /* Tippy */ = {
			isa = PBXGroup;
			children = (
				A599D1B41E67787700722E9D /* AppDelegate.swift */,
				A599D1B61E67787700722E9D /* ViewController.swift */,
				A599D1B81E67787700722E9D /* Main.storyboard */,
				A599D1BB1E67787700722E9D /* Assets.xcassets */,
				A599D1BD1E67787700722E9D /* LaunchScreen.storyboard */,
				A599D1C01E67787700722E9D /* Info.plist */,
			);
			path = Tippy;
			sourceTree = "<group>";
		};
		A599D1C81E67787700722E9D /* TippyTests */ = {
			isa = PBXGroup;
			children = (
				A599D1C91E67787700722E9D /* TippyTests.swift */,
				A599D1CB1E67787700722E9D /* Info.plist */,
			);
			path = TippyTests;
			sourceTree = "<group>";
		};
		A599D1D31E67787700722E9D /* TippyUITests */ = {
			isa = PBXGroup;
			children = (
				A599D1D41E67787700722E9D /* TippyUITests.swift */,
				A599D1D61E67787700722E9D /* Info.plist */,
			);
			path = TippyUITests;
			sourceTree = "<group>";
		};
/* End PBXGroup section */

/* Begin PBXNativeTarget section */
		A599D1B01E67787700722E9D /* Tippy */ = {
			isa = PBXNativeTarget;
			buildConfigurationList = A599D1D91E67787700722E9D /* Build configuration list for PBXNativeTarget "Tippy" */;
			buildPhases = (
				A599D1AD1E67787700722E9D /* Sources */,
				A599D1AE1E67787700722E9D /* Frameworks */,
				A599D1AF1E67787700722E9D /* Resources */,
			);
			buildRules = (
			);
			dependencies = (
			);
			name = Tippy;
			productName = Tippy;
			productReference = A599D1B11E67787700722E9D /* Tippy.app */;
			productType = "com.apple.product-type.application";
		};
		A599D1C41E67787700722E9D /* TippyTests */ = {
			isa = PBXNativeTarget;
			buildConfigurationList = A599D1DC1E67787700722E9D /* Build configuration list for PBXNativeTarget "TippyTests" */;
			buildPhases = (
				A599D1C11E67787700722E9D /* Sources */,
				A599D1C21E67787700722E9D /* Frameworks */,
				A599D1C31E67787700722E9D /* Resources */,
			);
			buildRules = (
			);
			dependencies = (
				A599D1C71E67787700722E9D /* PBXTargetDependency */,
			);
			name = TippyTests;
			productName = TippyTests;
			productReference = A599D1C51E67787700722E9D /* TippyTests.xctest */;
			productType = "com.apple.product-type.bundle.unit-test";
		};
		A599D1CF1E67787700722E9D /* TippyUITests */ = {
			isa = PBXNativeTarget;
			buildConfigurationList = A599D1DF1E67787700722E9D /* Build configuration list for PBXNativeTarget "TippyUITests" */;
			buildPhases = (
				A599D1CC1E67787700722E9D /* Sources */,
				A599D1CD1E67787700722E9D /* Frameworks */,
				A599D1CE1E67787700722E9D /* Resources */,
			);
			buildRules = (
			);
			dependencies = (
				A599D1D21E67787700722E9D /* PBXTargetDependency */,
			);
			name = TippyUITests;
			productName = TippyUITests;
			productReference = A599D1D01E67787700722E9D /* TippyUITests.xctest */;
			productType = "com.apple.product-type.bundle.ui-testing";
		};
/* End PBXNativeTarget section */

/* Begin PBXProject section */
		A599D1A91E67787700722E9D /* Project object */ = {
			isa = PBXProject;
			attributes = {
				LastSwiftUpdateCheck = 0820;
				LastUpgradeCheck = 0820;
				ORGANIZATIONNAME = "Rui Mao";
				TargetAttributes = {
					A599D1B01E67787700722E9D = {
						CreatedOnToolsVersion = 8.2.1;
						ProvisioningStyle = Automatic;
					};
					A599D1C41E67787700722E9D = {
						CreatedOnToolsVersion = 8.2.1;
						ProvisioningStyle = Automatic;
						TestTargetID = A599D1B01E67787700722E9D;
					};
					A599D1CF1E67787700722E9D = {
						CreatedOnToolsVersion = 8.2.1;
						ProvisioningStyle = Automatic;
						TestTargetID = A599D1B01E67787700722E9D;
					};
				};
			};
			buildConfigurationList = A599D1AC1E67787700722E9D /* Build configuration list for PBXProject "Tippy" */;
			compatibilityVersion = "Xcode 3.2";
			developmentRegion = English;
			hasScannedForEncodings = 0;
			knownRegions = (
				en,
				Base,
			);
			mainGroup = A599D1A81E67787700722E9D;
			productRefGroup = A599D1B21E67787700722E9D /* Products */;
			projectDirPath = "";
			projectRoot = "";
			targets = (
				A599D1B01E67787700722E9D /* Tippy */,
				A599D1C41E67787700722E9D /* TippyTests */,
				A599D1CF1E67787700722E9D /* TippyUITests */,
			);
		};
/* End PBXProject section */

/* Begin PBXResourcesBuildPhase section */
		A599D1AF1E67787700722E9D /* Resources */ = {
			isa = PBXResourcesBuildPhase;
			buildActionMask = 2147483647;
			files = (
				A599D1BF1E67787700722E9D /* LaunchScreen.storyboard in Resources */,
				A599D1BC1E67787700722E9D /* Assets.xcassets in Resources */,
				A599D1BA1E67787700722E9D /* Main.storyboard in Resources */,
			);
			runOnlyForDeploymentPostprocessing = 0;
		};
		A599D1C31E67787700722E9D /* Resources */ = {
			isa = PBXResourcesBuildPhase;
			buildActionMask = 2147483647;
			files = (
			);
			runOnlyForDeploymentPostprocessing = 0;
		};
		A599D1CE1E67787700722E9D /* Resources */ = {
			isa = PBXResourcesBuildPhase;
			buildActionMask = 2147483647;
			files = (
			);
			runOnlyForDeploymentPostprocessing = 0;
		};
/* End PBXResourcesBuildPhase section */

/* Begin PBXSourcesBuildPhase section */
		A599D1AD1E67787700722E9D /* Sources */ = {
			isa = PBXSourcesBuildPhase;
			buildActionMask = 2147483647;
			files = (
				A599D1B71E67787700722E9D /* ViewController.swift in Sources */,
				A599D1B51E67787700722E9D /* AppDelegate.swift in Sources */,
			);
			runOnlyForDeploymentPostprocessing = 0;
		};
		A599D1C11E67787700722E9D /* Sources */ = {
			isa = PBXSourcesBuildPhase;
			buildActionMask = 2147483647;
			files = (
				A599D1CA1E67787700722E9D /* TippyTests.swift in Sources */,
			);
			runOnlyForDeploymentPostprocessing = 0;
		};
		A599D1CC1E67787700722E9D /* Sources */ = {
			isa = PBXSourcesBuildPhase;
			buildActionMask = 2147483647;
			files = (
				A599D1D51E67787700722E9D /* TippyUITests.swift in Sources */,
			);
			runOnlyForDeploymentPostprocessing = 0;
		};
/* End PBXSourcesBuildPhase section */

/* Begin PBXTargetDependency section */
		A599D1C71E67787700722E9D /* PBXTargetDependency */ = {
			isa = PBXTargetDependency;
			target = A599D1B01E67787700722E9D /* Tippy */;
			targetProxy = A599D1C61E67787700722E9D /* PBXContainerItemProxy */;
		};
		A599D1D21E67787700722E9D /* PBXTargetDependency */ = {
			isa = PBXTargetDependency;
			target = A599D1B01E67787700722E9D /* Tippy */;
			targetProxy = A599D1D11E67787700722E9D /* PBXContainerItemProxy */;
		};
/* End PBXTargetDependency section */

/* Begin PBXVariantGroup section */
		A599D1B81E67787700722E9D /* Main.storyboard */ = {
			isa = PBXVariantGroup;
			children = (
				A599D1B91E67787700722E9D /* Base */,
			);
			name = Main.storyboard;
			sourceTree = "<group>";
		};
		A599D1BD1E67787700722E9D /* LaunchScreen.storyboard */ = {
			isa = PBXVariantGroup;
			children = (
				A599D1BE1E67787700722E9D /* Base */,
			);
			name = LaunchScreen.storyboard;
			sourceTree = "<group>";
		};
/* End PBXVariantGroup section */

/* Begin XCBuildConfiguration section */
		A599D1D71E67787700722E9D /* Debug */ = {
			isa = XCBuildConfiguration;
			buildSettings = {
				ALWAYS_SEARCH_USER_PATHS = NO;
				CLANG_ANALYZER_NONNULL = YES;
				CLANG_CXX_LANGUAGE_STANDARD = "gnu++0x";
				CLANG_CXX_LIBRARY = "libc++";
				CLANG_ENABLE_MODULES = YES;
				CLANG_ENABLE_OBJC_ARC = YES;
				CLANG_WARN_BOOL_CONVERSION = YES;
				CLANG_WARN_CONSTANT_CONVERSION = YES;
				CLANG_WARN_DIRECT_OBJC_ISA_USAGE = YES_ERROR;
				CLANG_WARN_DOCUMENTATION_COMMENTS = YES;
				CLANG_WARN_EMPTY_BODY = YES;
				CLANG_WARN_ENUM_CONVERSION = YES;
				CLANG_WARN_INFINITE_RECURSION = YES;
				CLANG_WARN_INT_CONVERSION = YES;
				CLANG_WARN_OBJC_ROOT_CLASS = YES_ERROR;
				CLANG_WARN_SUSPICIOUS_MOVE = YES;
				CLANG_WARN_UNREACHABLE_CODE = YES;
				CLANG_WARN__DUPLICATE_METHOD_MATCH = YES;
				"CODE_SIGN_IDENTITY[sdk=iphoneos*]" = "iPhone Developer";
				COPY_PHASE_STRIP = NO;
				DEBUG_INFORMATION_FORMAT = dwarf;
				ENABLE_STRICT_OBJC_MSGSEND = YES;
				ENABLE_TESTABILITY = YES;
				GCC_C_LANGUAGE_STANDARD = gnu99;
				GCC_DYNAMIC_NO_PIC = NO;
				GCC_NO_COMMON_BLOCKS = YES;
				GCC_OPTIMIZATION_LEVEL = 0;
				GCC_PREPROCESSOR_DEFINITIONS = (
					"DEBUG=1",
					"$(inherited)",
				);
				GCC_WARN_64_TO_32_BIT_CONVERSION = YES;
				GCC_WARN_ABOUT_RETURN_TYPE = YES_ERROR;
				GCC_WARN_UNDECLARED_SELECTOR = YES;
				GCC_WARN_UNINITIALIZED_AUTOS = YES_AGGRESSIVE;
				GCC_WARN_UNUSED_FUNCTION = YES;
				GCC_WARN_UNUSED_VARIABLE = YES;
				IPHONEOS_DEPLOYMENT_TARGET = 10.2;
				MTL_ENABLE_DEBUG_INFO = YES;
				ONLY_ACTIVE_ARCH = YES;
				SDKROOT = iphoneos;
				SWIFT_ACTIVE_COMPILATION_CONDITIONS = DEBUG;
				SWIFT_OPTIMIZATION_LEVEL = "-Onone";
			};
			name = Debug;
		};
		A599D1D81E67787700722E9D /* Release */ = {
			isa = XCBuildConfiguration;
			buildSettings = {
				ALWAYS_SEARCH_USER_PATHS = NO;
				CLANG_ANALYZER_NONNULL = YES;
				CLANG_CXX_LANGUAGE_STANDARD = "gnu++0x";
				CLANG_CXX_LIBRARY = "libc++";
				CLANG_ENABLE_MODULES = YES;
				CLANG_ENABLE_OBJC_ARC = YES;
				CLANG_WARN_BOOL_CONVERSION = YES;
				CLANG_WARN_CONSTANT_CONVERSION = YES;
				CLANG_WARN_DIRECT_OBJC_ISA_USAGE = YES_ERROR;
				CLANG_WARN_DOCUMENTATION_COMMENTS = YES;
				CLANG_WARN_EMPTY_BODY = YES;
				CLANG_WARN_ENUM_CONVERSION = YES;
				CLANG_WARN_INFINITE_RECURSION = YES;
				CLANG_WARN_INT_CONVERSION = YES;
				CLANG_WARN_OBJC_ROOT_CLASS = YES_ERROR;
				CLANG_WARN_SUSPICIOUS_MOVE = YES;
				CLANG_WARN_UNREACHABLE_CODE = YES;
				CLANG_WARN__DUPLICATE_METHOD_MATCH = YES;
				"CODE_SIGN_IDENTITY[sdk=iphoneos*]" = "iPhone Developer";
				COPY_PHASE_STRIP = NO;
				DEBUG_INFORMATION_FORMAT = "dwarf-with-dsym";
				ENABLE_NS_ASSERTIONS = NO;
				ENABLE_STRICT_OBJC_MSGSEND = YES;
				GCC_C_LANGUAGE_STANDARD = gnu99;
				GCC_NO_COMMON_BLOCKS = YES;
				GCC_WARN_64_TO_32_BIT_CONVERSION = YES;
				GCC_WARN_ABOUT_RETURN_TYPE = YES_ERROR;
				GCC_WARN_UNDECLARED_SELECTOR = YES;
				GCC_WARN_UNINITIALIZED_AUTOS = YES_AGGRESSIVE;
				GCC_WARN_UNUSED_FUNCTION = YES;
				GCC_WARN_UNUSED_VARIABLE = YES;
				IPHONEOS_DEPLOYMENT_TARGET = 10.2;
				MTL_ENABLE_DEBUG_INFO = NO;
				SDKROOT = iphoneos;
				SWIFT_OPTIMIZATION_LEVEL = "-Owholemodule";
				VALIDATE_PRODUCT = YES;
			};
			name = Release;
		};
		A599D1DA1E67787700722E9D /* Debug */ = {
			isa = XCBuildConfiguration;
			buildSettings = {
				ASSETCATALOG_COMPILER_APPICON_NAME = AppIcon;
				INFOPLIST_FILE = Tippy/Info.plist;
				LD_RUNPATH_SEARCH_PATHS = "$(inherited) @executable_path/Frameworks";
				PRODUCT_BUNDLE_IDENTIFIER = rmao.Tippy;
				PRODUCT_NAME = "$(TARGET_NAME)";
				SWIFT_VERSION = 3.0;
			};
			name = Debug;
		};
		A599D1DB1E67787700722E9D /* Release */ = {
			isa = XCBuildConfiguration;
			buildSettings = {
				ASSETCATALOG_COMPILER_APPICON_NAME = AppIcon;
				INFOPLIST_FILE = Tippy/Info.plist;
				LD_RUNPATH_SEARCH_PATHS = "$(inherited) @executable_path/Frameworks";
				PRODUCT_BUNDLE_IDENTIFIER = rmao.Tippy;
				PRODUCT_NAME = "$(TARGET_NAME)";
				SWIFT_VERSION = 3.0;
			};
			name = Release;
		};
		A599D1DD1E67787700722E9D /* Debug */ = {
			isa = XCBuildConfiguration;
			buildSettings = {
				ALWAYS_EMBED_SWIFT_STANDARD_LIBRARIES = YES;
				BUNDLE_LOADER = "$(TEST_HOST)";
				INFOPLIST_FILE = TippyTests/Info.plist;
				LD_RUNPATH_SEARCH_PATHS = "$(inherited) @executable_path/Frameworks @loader_path/Frameworks";
				PRODUCT_BUNDLE_IDENTIFIER = rmao.TippyTests;
				PRODUCT_NAME = "$(TARGET_NAME)";
				SWIFT_VERSION = 3.0;
				TEST_HOST = "$(BUILT_PRODUCTS_DIR)/Tippy.app/Tippy";
			};
			name = Debug;
		};
		A599D1DE1E67787700722E9D /* Release */ = {
			isa = XCBuildConfiguration;
			buildSettings = {
				ALWAYS_EMBED_SWIFT_STANDARD_LIBRARIES = YES;
				BUNDLE_LOADER = "$(TEST_HOST)";
				INFOPLIST_FILE = TippyTests/Info.plist;
				LD_RUNPATH_SEARCH_PATHS = "$(inherited) @executable_path/Frameworks @loader_path/Frameworks";
				PRODUCT_BUNDLE_IDENTIFIER = rmao.TippyTests;
				PRODUCT_NAME = "$(TARGET_NAME)";
				SWIFT_VERSION = 3.0;
				TEST_HOST = "$(BUILT_PRODUCTS_DIR)/Tippy.app/Tippy";
			};
			name = Release;
		};
		A599D1E01E67787700722E9D /* Debug */ = {
			isa = XCBuildConfiguration;
			buildSettings = {
				ALWAYS_EMBED_SWIFT_STANDARD_LIBRARIES = YES;
				INFOPLIST_FILE = TippyUITests/Info.plist;
				LD_RUNPATH_SEARCH_PATHS = "$(inherited) @executable_path/Frameworks @loader_path/Frameworks";
				PRODUCT_BUNDLE_IDENTIFIER = rmao.TippyUITests;
				PRODUCT_NAME = "$(TARGET_NAME)";
				SWIFT_VERSION = 3.0;
				TEST_TARGET_NAME = Tippy;
			};
			name = Debug;
		};
		A599D1E11E67787700722E9D /* Release */ = {
			isa = XCBuildConfiguration;
			buildSettings = {
				ALWAYS_EMBED_SWIFT_STANDARD_LIBRARIES = YES;
				INFOPLIST_FILE = TippyUITests/Info.plist;
				LD_RUNPATH_SEARCH_PATHS = "$(inherited) @executable_path/Frameworks @loader_path/Frameworks";
				PRODUCT_BUNDLE_IDENTIFIER = rmao.TippyUITests;
				PRODUCT_NAME = "$(TARGET_NAME)";
				SWIFT_VERSION = 3.0;
				TEST_TARGET_NAME = Tippy;
			};
			name = Release;
		};
/* End XCBuildConfiguration section */

/* Begin XCConfigurationList section */
		A599D1AC1E67787700722E9D /* Build configuration list for PBXProject "Tippy" */ = {
			isa = XCConfigurationList;
			buildConfigurations = (
				A599D1D71E67787700722E9D /* Debug */,
				A599D1D81E67787700722E9D /* Release */,
			);
			defaultConfigurationIsVisible = 0;
			defaultConfigurationName = Release;
		};
		A599D1D91E67787700722E9D /* Build configuration list for PBXNativeTarget "Tippy" */ = {
			isa = XCConfigurationList;
			buildConfigurations = (
				A599D1DA1E67787700722E9D /* Debug */,
				A599D1DB1E67787700722E9D /* Release */,
			);
			defaultConfigurationIsVisible = 0;
		};
		A599D1DC1E67787700722E9D /* Build configuration list for PBXNativeTarget "TippyTests" */ = {
			isa = XCConfigurationList;
			buildConfigurations = (
				A599D1DD1E67787700722E9D /* Debug */,
				A599D1DE1E67787700722E9D /* Release */,
			);
			defaultConfigurationIsVisible = 0;
		};
		A599D1DF1E67787700722E9D /* Build configuration list for PBXNativeTarget "TippyUITests" */ = {
			isa = XCConfigurationList;
			buildConfigurations = (
				A599D1E01E67787700722E9D /* Debug */,
				A599D1E11E67787700722E9D /* Release */,
			);
			defaultConfigurationIsVisible = 0;
		};
/* End XCConfigurationList section */
	};
	rootObject = A599D1A91E67787700722E9D /* Project object */;
}
